
Microsoft Visual Studio Solution File, Format Version 12.00
# Visual Studio Version 17
VisualStudioVersion = 17.14.36221.1 d17.14
MinimumVisualStudioVersion = 10.0.40219.1
Project("{FAE04EC0-301F-11D3-BF4B-00C04F79EFBC}") = "MoneyTracker", "MoneyTracker\MoneyTracker.csproj", "{D1431ACB-4202-48AD-B8EE-1A47C86B04B8}"
EndProject
Global
	GlobalSection(SolutionConfigurationPlatforms) = preSolution
		Debug|Any CPU = Debug|Any CPU
		Release|Any CPU = Release|Any CPU
	EndGlobalSection
	GlobalSection(ProjectConfigurationPlatforms) = postSolution
		{D1431ACB-4202-48AD-B8EE-1A47C86B04B8}.Debug|Any CPU.ActiveCfg = Debug|Any CPU
		{D1431ACB-4202-48AD-B8EE-1A47C86B04B8}.Debug|Any CPU.Build.0 = Debug|Any CPU
		{D1431ACB-4202-48AD-B8EE-1A47C86B04B8}.Release|Any CPU.ActiveCfg = Release|Any CPU
		{D1431ACB-4202-48AD-B8EE-1A47C86B04B8}.Release|Any CPU.Build.0 = Release|Any CPU
	EndGlobalSection
	GlobalSection(SolutionProperties) = preSolution
		HideSolutionNode = FALSE
	EndGlobalSection
	GlobalSection(ExtensibilityGlobals) = postSolution
		SolutionGuid = {101D96F9-9DE1-47E2-A491-1166CB9C9A87}
	EndGlobalSection
EndGlobal
